
Microsoft Visual Studio Solution File, Format Version 12.00
# Visual Studio Version 17
VisualStudioVersion = 17.3.32825.248
MinimumVisualStudioVersion = 10.0.40219.1
Project("{FAE04EC0-301F-11D3-BF4B-00C04F79EFBC}") = "StudArray", "StudArray\StudArray.csproj", "{7B95FA86-1468-400C-ACF1-D004A431AA28}"
EndProject
Global
	GlobalSection(SolutionConfigurationPlatforms) = preSolution
		Debug|Any CPU = Debug|Any CPU
		Release|Any CPU = Release|Any CPU
	EndGlobalSection
	GlobalSection(ProjectConfigurationPlatforms) = postSolution
		{7B95FA86-1468-400C-ACF1-D004A431AA28}.Debug|Any CPU.ActiveCfg = Debug|Any CPU
		{7B95FA86-1468-400C-ACF1-D004A431AA28}.Debug|Any CPU.Build.0 = Debug|Any CPU
		{7B95FA86-1468-400C-ACF1-D004A431AA28}.Release|Any CPU.ActiveCfg = Release|Any CPU
		{7B95FA86-1468-400C-ACF1-D004A431AA28}.Release|Any CPU.Build.0 = Release|Any CPU
	EndGlobalSection
	GlobalSection(SolutionProperties) = preSolution
		HideSolutionNode = FALSE
	EndGlobalSection
	GlobalSection(ExtensibilityGlobals) = postSolution
		SolutionGuid = {C47469C2-B64B-4CDC-B5D6-47EF7CEC42E2}
	EndGlobalSection
EndGlobal
